
Microsoft Visual Studio Solution File, Format Version 12.00
# Visual Studio Version 17
VisualStudioVersion = 17.5.33627.172
MinimumVisualStudioVersion = 10.0.40219.1
Project("{FAE04EC0-301F-11D3-BF4B-00C04F79EFBC}") = "task1", "task1\task1.csproj", "{865DDBF5-F5E0-46D3-A10C-8C3236FFA417}"
EndProject
Project("{FAE04EC0-301F-11D3-BF4B-00C04F79EFBC}") = "task2", "task2\task2.csproj", "{A2B061F1-3CB6-4844-AB71-2C3596CF85E5}"
EndProject
Project("{FAE04EC0-301F-11D3-BF4B-00C04F79EFBC}") = "task3", "task3\task3.csproj", "{6AC2D56E-1611-48DA-B661-A9D2A24625A8}"
EndProject
Global
	GlobalSection(SolutionConfigurationPlatforms) = preSolution
		Debug|Any CPU = Debug|Any CPU
		Release|Any CPU = Release|Any CPU
	EndGlobalSection
	GlobalSection(ProjectConfigurationPlatforms) = postSolution
		{865DDBF5-F5E0-46D3-A10C-8C3236FFA417}.Debug|Any CPU.ActiveCfg = Debug|Any CPU
		{865DDBF5-F5E0-46D3-A10C-8C3236FFA417}.Debug|Any CPU.Build.0 = Debug|Any CPU
		{865DDBF5-F5E0-46D3-A10C-8C3236FFA417}.Release|Any CPU.ActiveCfg = Release|Any CPU
		{865DDBF5-F5E0-46D3-A10C-8C3236FFA417}.Release|Any CPU.Build.0 = Release|Any CPU
		{A2B061F1-3CB6-4844-AB71-2C3596CF85E5}.Debug|Any CPU.ActiveCfg = Debug|Any CPU
		{A2B061F1-3CB6-4844-AB71-2C3596CF85E5}.Debug|Any CPU.Build.0 = Debug|Any CPU
		{A2B061F1-3CB6-4844-AB71-2C3596CF85E5}.Release|Any CPU.ActiveCfg = Release|Any CPU
		{A2B061F1-3CB6-4844-AB71-2C3596CF85E5}.Release|Any CPU.Build.0 = Release|Any CPU
		{6AC2D56E-1611-48DA-B661-A9D2A24625A8}.Debug|Any CPU.ActiveCfg = Debug|Any CPU
		{6AC2D56E-1611-48DA-B661-A9D2A24625A8}.Debug|Any CPU.Build.0 = Debug|Any CPU
		{6AC2D56E-1611-48DA-B661-A9D2A24625A8}.Release|Any CPU.ActiveCfg = Release|Any CPU
		{6AC2D56E-1611-48DA-B661-A9D2A24625A8}.Release|Any CPU.Build.0 = Release|Any CPU
	EndGlobalSection
	GlobalSection(SolutionProperties) = preSolution
		HideSolutionNode = FALSE
	EndGlobalSection
	GlobalSection(ExtensibilityGlobals) = postSolution
		SolutionGuid = {743B64AB-3619-41A6-83EE-300AC1892629}
	EndGlobalSection
EndGlobal
